
Microsoft Visual Studio Solution File, Format Version 12.00
# Visual Studio 15
VisualStudioVersion = 15.0.28010.2036
MinimumVisualStudioVersion = 10.0.40219.1
Project("{FAE04EC0-301F-11D3-BF4B-00C04F79EFBC}") = "QuanLyNhaThuoc", "QuanLyNhaThuoc\QuanLyNhaThuoc.csproj", "{28A8A982-7B70-4D7D-BB32-D66D597A33D2}"
EndProject
Project("{FAE04EC0-301F-11D3-BF4B-00C04F79EFBC}") = "DAL", "DAL\DAL.csproj", "{805D46D3-332C-466A-A8E4-E69F1EF7C525}"
EndProject
Project("{FAE04EC0-301F-11D3-BF4B-00C04F79EFBC}") = "BUS", "BUS\BUS.csproj", "{366B6314-8BA4-42E6-AFB1-5361AC4ED5F7}"
EndProject
Project("{FAE04EC0-301F-11D3-BF4B-00C04F79EFBC}") = "Object", "Object\Object.csproj", "{9E3DC994-052E-48D3-A552-F0E585CA80EE}"
EndProject
Global
	GlobalSection(SolutionConfigurationPlatforms) = preSolution
		Debug|Any CPU = Debug|Any CPU
		Release|Any CPU = Release|Any CPU
	EndGlobalSection
	GlobalSection(ProjectConfigurationPlatforms) = postSolution
		{28A8A982-7B70-4D7D-BB32-D66D597A33D2}.Debug|Any CPU.ActiveCfg = Debug|Any CPU
		{28A8A982-7B70-4D7D-BB32-D66D597A33D2}.Debug|Any CPU.Build.0 = Debug|Any CPU
		{28A8A982-7B70-4D7D-BB32-D66D597A33D2}.Release|Any CPU.ActiveCfg = Release|Any CPU
		{28A8A982-7B70-4D7D-BB32-D66D597A33D2}.Release|Any CPU.Build.0 = Release|Any CPU
		{805D46D3-332C-466A-A8E4-E69F1EF7C525}.Debug|Any CPU.ActiveCfg = Debug|Any CPU
		{805D46D3-332C-466A-A8E4-E69F1EF7C525}.Debug|Any CPU.Build.0 = Debug|Any CPU
		{805D46D3-332C-466A-A8E4-E69F1EF7C525}.Release|Any CPU.ActiveCfg = Release|Any CPU
		{805D46D3-332C-466A-A8E4-E69F1EF7C525}.Release|Any CPU.Build.0 = Release|Any CPU
		{366B6314-8BA4-42E6-AFB1-5361AC4ED5F7}.Debug|Any CPU.ActiveCfg = Debug|Any CPU
		{366B6314-8BA4-42E6-AFB1-5361AC4ED5F7}.Debug|Any CPU.Build.0 = Debug|Any CPU
		{366B6314-8BA4-42E6-AFB1-5361AC4ED5F7}.Release|Any CPU.ActiveCfg = Release|Any CPU
		{366B6314-8BA4-42E6-AFB1-5361AC4ED5F7}.Release|Any CPU.Build.0 = Release|Any CPU
		{9E3DC994-052E-48D3-A552-F0E585CA80EE}.Debug|Any CPU.ActiveCfg = Debug|Any CPU
		{9E3DC994-052E-48D3-A552-F0E585CA80EE}.Debug|Any CPU.Build.0 = Debug|Any CPU
		{9E3DC994-052E-48D3-A552-F0E585CA80EE}.Release|Any CPU.ActiveCfg = Release|Any CPU
		{9E3DC994-052E-48D3-A552-F0E585CA80EE}.Release|Any CPU.Build.0 = Release|Any CPU
	EndGlobalSection
	GlobalSection(SolutionProperties) = preSolution
		HideSolutionNode = FALSE
	EndGlobalSection
	GlobalSection(ExtensibilityGlobals) = postSolution
		SolutionGuid = {9D38F40D-591E-4127-A5C3-588B5DB66340}
	EndGlobalSection
EndGlobal
