
Microsoft Visual Studio Solution File, Format Version 12.00
# Visual Studio 15
VisualStudioVersion = 15.0.27428.2015
MinimumVisualStudioVersion = 10.0.40219.1
Project("{FAE04EC0-301F-11D3-BF4B-00C04F79EFBC}") = "Baitap2", "Baitap2\Baitap2.csproj", "{09C41953-B100-412D-B43C-8F671BB8B7D0}"
EndProject
Project("{2150E333-8FDC-42A3-9474-1A3956D46DE8}") = "DataAccess", "DataAccess", "{BE6310B8-C0DD-4346-9EEF-5047293EA943}"
EndProject
Project("{2150E333-8FDC-42A3-9474-1A3956D46DE8}") = "Bussiness", "Bussiness", "{632F811B-FCEF-4EC5-828E-B24BF1E0E097}"
EndProject
Project("{FAE04EC0-301F-11D3-BF4B-00C04F79EFBC}") = "SqlProvider", "SqlProvider\SqlProvider.csproj", "{63E81CA1-7E94-47CF-9FD5-C6BA3DC0A551}"
EndProject
Project("{FAE04EC0-301F-11D3-BF4B-00C04F79EFBC}") = "NhanVienDA", "NhanVienDAL\NhanVienDA.csproj", "{5ACFD3CD-7AB2-413F-93C9-3F9D23BB5B6C}"
EndProject
Project("{FAE04EC0-301F-11D3-BF4B-00C04F79EFBC}") = "NhanVienBUS", "NhanVien\NhanVienBUS.csproj", "{50CFA2AC-4FAD-413E-A197-06DA9CBF600D}"
EndProject
Project("{FAE04EC0-301F-11D3-BF4B-00C04F79EFBC}") = "NhaCungCapDA", "NhaCungCapDA\NhaCungCapDA.csproj", "{754DA94B-F3DA-4F5C-8B81-4EAB1446BD4C}"
EndProject
Project("{FAE04EC0-301F-11D3-BF4B-00C04F79EFBC}") = "NhaCungCapBUS", "NhaCungCapBUS\NhaCungCapBUS.csproj", "{205AC1D2-FF85-4B8E-A36F-5C2BCC5BC6A7}"
EndProject
Project("{FAE04EC0-301F-11D3-BF4B-00C04F79EFBC}") = "HangHoaDA", "HangHoaDA\HangHoaDA.csproj", "{E65F10FF-A79E-46DA-8E20-96F069150A1B}"
EndProject
Project("{FAE04EC0-301F-11D3-BF4B-00C04F79EFBC}") = "HangHoaBUS", "HangHoaBUS\HangHoaBUS.csproj", "{AE12417F-F78E-46C3-8941-856251D2D871}"
EndProject
Project("{FAE04EC0-301F-11D3-BF4B-00C04F79EFBC}") = "HoaDonDA", "HoaDonDA\HoaDonDA.csproj", "{9C18C578-D7B9-4FC9-BA29-2507A818730F}"
EndProject
Project("{FAE04EC0-301F-11D3-BF4B-00C04F79EFBC}") = "HoaDonBUS", "HoaDonBUS\HoaDonBUS.csproj", "{88FCF526-A9BC-4781-94F5-2D0BC525C7C7}"
EndProject
Project("{FAE04EC0-301F-11D3-BF4B-00C04F79EFBC}") = "CTHoaDonDA", "CTHoaDonDA\CTHoaDonDA.csproj", "{FAB030A2-95FC-4E0C-89F7-F948CEE8BB46}"
EndProject
Project("{FAE04EC0-301F-11D3-BF4B-00C04F79EFBC}") = "CTHoaDonBUS", "CTHoaDonBUS\CTHoaDonBUS.csproj", "{04D95ABE-E790-488D-A46F-7B34791CC156}"
EndProject
Global
	GlobalSection(SolutionConfigurationPlatforms) = preSolution
		Debug|Any CPU = Debug|Any CPU
		Release|Any CPU = Release|Any CPU
	EndGlobalSection
	GlobalSection(ProjectConfigurationPlatforms) = postSolution
		{09C41953-B100-412D-B43C-8F671BB8B7D0}.Debug|Any CPU.ActiveCfg = Debug|Any CPU
		{09C41953-B100-412D-B43C-8F671BB8B7D0}.Debug|Any CPU.Build.0 = Debug|Any CPU
		{09C41953-B100-412D-B43C-8F671BB8B7D0}.Release|Any CPU.ActiveCfg = Release|Any CPU
		{09C41953-B100-412D-B43C-8F671BB8B7D0}.Release|Any CPU.Build.0 = Release|Any CPU
		{63E81CA1-7E94-47CF-9FD5-C6BA3DC0A551}.Debug|Any CPU.ActiveCfg = Debug|Any CPU
		{63E81CA1-7E94-47CF-9FD5-C6BA3DC0A551}.Debug|Any CPU.Build.0 = Debug|Any CPU
		{63E81CA1-7E94-47CF-9FD5-C6BA3DC0A551}.Release|Any CPU.ActiveCfg = Release|Any CPU
		{63E81CA1-7E94-47CF-9FD5-C6BA3DC0A551}.Release|Any CPU.Build.0 = Release|Any CPU
		{5ACFD3CD-7AB2-413F-93C9-3F9D23BB5B6C}.Debug|Any CPU.ActiveCfg = Debug|Any CPU
		{5ACFD3CD-7AB2-413F-93C9-3F9D23BB5B6C}.Debug|Any CPU.Build.0 = Debug|Any CPU
		{5ACFD3CD-7AB2-413F-93C9-3F9D23BB5B6C}.Release|Any CPU.ActiveCfg = Release|Any CPU
		{5ACFD3CD-7AB2-413F-93C9-3F9D23BB5B6C}.Release|Any CPU.Build.0 = Release|Any CPU
		{50CFA2AC-4FAD-413E-A197-06DA9CBF600D}.Debug|Any CPU.ActiveCfg = Debug|Any CPU
		{50CFA2AC-4FAD-413E-A197-06DA9CBF600D}.Debug|Any CPU.Build.0 = Debug|Any CPU
		{50CFA2AC-4FAD-413E-A197-06DA9CBF600D}.Release|Any CPU.ActiveCfg = Release|Any CPU
		{50CFA2AC-4FAD-413E-A197-06DA9CBF600D}.Release|Any CPU.Build.0 = Release|Any CPU
		{754DA94B-F3DA-4F5C-8B81-4EAB1446BD4C}.Debug|Any CPU.ActiveCfg = Debug|Any CPU
		{754DA94B-F3DA-4F5C-8B81-4EAB1446BD4C}.Debug|Any CPU.Build.0 = Debug|Any CPU
		{754DA94B-F3DA-4F5C-8B81-4EAB1446BD4C}.Release|Any CPU.ActiveCfg = Release|Any CPU
		{754DA94B-F3DA-4F5C-8B81-4EAB1446BD4C}.Release|Any CPU.Build.0 = Release|Any CPU
		{205AC1D2-FF85-4B8E-A36F-5C2BCC5BC6A7}.Debug|Any CPU.ActiveCfg = Debug|Any CPU
		{205AC1D2-FF85-4B8E-A36F-5C2BCC5BC6A7}.Debug|Any CPU.Build.0 = Debug|Any CPU
		{205AC1D2-FF85-4B8E-A36F-5C2BCC5BC6A7}.Release|Any CPU.ActiveCfg = Release|Any CPU
		{205AC1D2-FF85-4B8E-A36F-5C2BCC5BC6A7}.Release|Any CPU.Build.0 = Release|Any CPU
		{E65F10FF-A79E-46DA-8E20-96F069150A1B}.Debug|Any CPU.ActiveCfg = Debug|Any CPU
		{E65F10FF-A79E-46DA-8E20-96F069150A1B}.Debug|Any CPU.Build.0 = Debug|Any CPU
		{E65F10FF-A79E-46DA-8E20-96F069150A1B}.Release|Any CPU.ActiveCfg = Release|Any CPU
		{E65F10FF-A79E-46DA-8E20-96F069150A1B}.Release|Any CPU.Build.0 = Release|Any CPU
		{AE12417F-F78E-46C3-8941-856251D2D871}.Debug|Any CPU.ActiveCfg = Debug|Any CPU
		{AE12417F-F78E-46C3-8941-856251D2D871}.Debug|Any CPU.Build.0 = Debug|Any CPU
		{AE12417F-F78E-46C3-8941-856251D2D871}.Release|Any CPU.ActiveCfg = Release|Any CPU
		{AE12417F-F78E-46C3-8941-856251D2D871}.Release|Any CPU.Build.0 = Release|Any CPU
		{9C18C578-D7B9-4FC9-BA29-2507A818730F}.Debug|Any CPU.ActiveCfg = Debug|Any CPU
		{9C18C578-D7B9-4FC9-BA29-2507A818730F}.Debug|Any CPU.Build.0 = Debug|Any CPU
		{9C18C578-D7B9-4FC9-BA29-2507A818730F}.Release|Any CPU.ActiveCfg = Release|Any CPU
		{9C18C578-D7B9-4FC9-BA29-2507A818730F}.Release|Any CPU.Build.0 = Release|Any CPU
		{88FCF526-A9BC-4781-94F5-2D0BC525C7C7}.Debug|Any CPU.ActiveCfg = Debug|Any CPU
		{88FCF526-A9BC-4781-94F5-2D0BC525C7C7}.Debug|Any CPU.Build.0 = Debug|Any CPU
		{88FCF526-A9BC-4781-94F5-2D0BC525C7C7}.Release|Any CPU.ActiveCfg = Release|Any CPU
		{88FCF526-A9BC-4781-94F5-2D0BC525C7C7}.Release|Any CPU.Build.0 = Release|Any CPU
		{FAB030A2-95FC-4E0C-89F7-F948CEE8BB46}.Debug|Any CPU.ActiveCfg = Debug|Any CPU
		{FAB030A2-95FC-4E0C-89F7-F948CEE8BB46}.Debug|Any CPU.Build.0 = Debug|Any CPU
		{FAB030A2-95FC-4E0C-89F7-F948CEE8BB46}.Release|Any CPU.ActiveCfg = Release|Any CPU
		{FAB030A2-95FC-4E0C-89F7-F948CEE8BB46}.Release|Any CPU.Build.0 = Release|Any CPU
		{04D95ABE-E790-488D-A46F-7B34791CC156}.Debug|Any CPU.ActiveCfg = Debug|Any CPU
		{04D95ABE-E790-488D-A46F-7B34791CC156}.Debug|Any CPU.Build.0 = Debug|Any CPU
		{04D95ABE-E790-488D-A46F-7B34791CC156}.Release|Any CPU.ActiveCfg = Release|Any CPU
		{04D95ABE-E790-488D-A46F-7B34791CC156}.Release|Any CPU.Build.0 = Release|Any CPU
	EndGlobalSection
	GlobalSection(SolutionProperties) = preSolution
		HideSolutionNode = FALSE
	EndGlobalSection
	GlobalSection(NestedProjects) = preSolution
		{63E81CA1-7E94-47CF-9FD5-C6BA3DC0A551} = {BE6310B8-C0DD-4346-9EEF-5047293EA943}
		{5ACFD3CD-7AB2-413F-93C9-3F9D23BB5B6C} = {BE6310B8-C0DD-4346-9EEF-5047293EA943}
		{50CFA2AC-4FAD-413E-A197-06DA9CBF600D} = {632F811B-FCEF-4EC5-828E-B24BF1E0E097}
		{754DA94B-F3DA-4F5C-8B81-4EAB1446BD4C} = {BE6310B8-C0DD-4346-9EEF-5047293EA943}
		{205AC1D2-FF85-4B8E-A36F-5C2BCC5BC6A7} = {632F811B-FCEF-4EC5-828E-B24BF1E0E097}
		{E65F10FF-A79E-46DA-8E20-96F069150A1B} = {BE6310B8-C0DD-4346-9EEF-5047293EA943}
		{AE12417F-F78E-46C3-8941-856251D2D871} = {632F811B-FCEF-4EC5-828E-B24BF1E0E097}
		{9C18C578-D7B9-4FC9-BA29-2507A818730F} = {BE6310B8-C0DD-4346-9EEF-5047293EA943}
		{88FCF526-A9BC-4781-94F5-2D0BC525C7C7} = {632F811B-FCEF-4EC5-828E-B24BF1E0E097}
		{FAB030A2-95FC-4E0C-89F7-F948CEE8BB46} = {BE6310B8-C0DD-4346-9EEF-5047293EA943}
		{04D95ABE-E790-488D-A46F-7B34791CC156} = {632F811B-FCEF-4EC5-828E-B24BF1E0E097}
	EndGlobalSection
	GlobalSection(ExtensibilityGlobals) = postSolution
		SolutionGuid = {EDA8E87C-42EF-48A3-9AE3-D05161D76998}
	EndGlobalSection
EndGlobal
