
Microsoft Visual Studio Solution File, Format Version 12.00
# Visual Studio 15
VisualStudioVersion = 15.0.28010.2048
MinimumVisualStudioVersion = 10.0.40219.1
Project("{FAE04EC0-301F-11D3-BF4B-00C04F79EFBC}") = "cau1", "cau1\cau1.csproj", "{472C2C82-41AC-45DF-9361-155B47652F7C}"
EndProject
Global
	GlobalSection(SolutionConfigurationPlatforms) = preSolution
		Debug|Any CPU = Debug|Any CPU
		Release|Any CPU = Release|Any CPU
	EndGlobalSection
	GlobalSection(ProjectConfigurationPlatforms) = postSolution
		{472C2C82-41AC-45DF-9361-155B47652F7C}.Debug|Any CPU.ActiveCfg = Debug|Any CPU
		{472C2C82-41AC-45DF-9361-155B47652F7C}.Debug|Any CPU.Build.0 = Debug|Any CPU
		{472C2C82-41AC-45DF-9361-155B47652F7C}.Release|Any CPU.ActiveCfg = Release|Any CPU
		{472C2C82-41AC-45DF-9361-155B47652F7C}.Release|Any CPU.Build.0 = Release|Any CPU
	EndGlobalSection
	GlobalSection(SolutionProperties) = preSolution
		HideSolutionNode = FALSE
	EndGlobalSection
	GlobalSection(ExtensibilityGlobals) = postSolution
		SolutionGuid = {6008F1AB-E243-4BAB-9328-3D8BB274D60E}
	EndGlobalSection
EndGlobal
