
Microsoft Visual Studio Solution File, Format Version 12.00
# Visual Studio 15
VisualStudioVersion = 15.0.28010.2048
MinimumVisualStudioVersion = 10.0.40219.1
Project("{FAE04EC0-301F-11D3-BF4B-00C04F79EFBC}") = "QuanLiSinhVien", "QuanLiSinhVien\QuanLiSinhVien.csproj", "{F21ADB9E-9F17-4E6A-B837-2AED8DAFD119}"
EndProject
Project("{FAE04EC0-301F-11D3-BF4B-00C04F79EFBC}") = "DAO", "ClassLibrary1\DAO.csproj", "{CBA1E905-11BE-4E78-B9E4-6B76E0E19AF8}"
EndProject
Project("{FAE04EC0-301F-11D3-BF4B-00C04F79EFBC}") = "bus1", "bus1\bus1.csproj", "{D61C3456-7AD2-40A0-934A-3B76F436D813}"
EndProject
Global
	GlobalSection(SolutionConfigurationPlatforms) = preSolution
		Debug|Any CPU = Debug|Any CPU
		Release|Any CPU = Release|Any CPU
	EndGlobalSection
	GlobalSection(ProjectConfigurationPlatforms) = postSolution
		{F21ADB9E-9F17-4E6A-B837-2AED8DAFD119}.Debug|Any CPU.ActiveCfg = Debug|Any CPU
		{F21ADB9E-9F17-4E6A-B837-2AED8DAFD119}.Debug|Any CPU.Build.0 = Debug|Any CPU
		{F21ADB9E-9F17-4E6A-B837-2AED8DAFD119}.Release|Any CPU.ActiveCfg = Release|Any CPU
		{F21ADB9E-9F17-4E6A-B837-2AED8DAFD119}.Release|Any CPU.Build.0 = Release|Any CPU
		{CBA1E905-11BE-4E78-B9E4-6B76E0E19AF8}.Debug|Any CPU.ActiveCfg = Debug|Any CPU
		{CBA1E905-11BE-4E78-B9E4-6B76E0E19AF8}.Debug|Any CPU.Build.0 = Debug|Any CPU
		{CBA1E905-11BE-4E78-B9E4-6B76E0E19AF8}.Release|Any CPU.ActiveCfg = Release|Any CPU
		{CBA1E905-11BE-4E78-B9E4-6B76E0E19AF8}.Release|Any CPU.Build.0 = Release|Any CPU
		{D61C3456-7AD2-40A0-934A-3B76F436D813}.Debug|Any CPU.ActiveCfg = Debug|Any CPU
		{D61C3456-7AD2-40A0-934A-3B76F436D813}.Debug|Any CPU.Build.0 = Debug|Any CPU
		{D61C3456-7AD2-40A0-934A-3B76F436D813}.Release|Any CPU.ActiveCfg = Release|Any CPU
		{D61C3456-7AD2-40A0-934A-3B76F436D813}.Release|Any CPU.Build.0 = Release|Any CPU
	EndGlobalSection
	GlobalSection(SolutionProperties) = preSolution
		HideSolutionNode = FALSE
	EndGlobalSection
	GlobalSection(ExtensibilityGlobals) = postSolution
		SolutionGuid = {031155B6-B396-4DC9-8687-6C7DAC21B974}
	EndGlobalSection
EndGlobal
